
Microsoft Visual Studio Solution File, Format Version 12.00
# Visual Studio Version 17
VisualStudioVersion = 17.14.36310.24
MinimumVisualStudioVersion = 10.0.40219.1
Project("{FAE04EC0-301F-11D3-BF4B-00C04F79EFBC}") = "AMASSKWeb", "AMASSKWeb\AMASSKWeb.csproj", "{2E2604A2-8D8E-4D27-8311-103D0E703F4B}"
EndProject
Global
	GlobalSection(SolutionConfigurationPlatforms) = preSolution
		Debug|Any CPU = Debug|Any CPU
		Release|Any CPU = Release|Any CPU
	EndGlobalSection
	GlobalSection(ProjectConfigurationPlatforms) = postSolution
		{2E2604A2-8D8E-4D27-8311-103D0E703F4B}.Debug|Any CPU.ActiveCfg = Debug|Any CPU
		{2E2604A2-8D8E-4D27-8311-103D0E703F4B}.Debug|Any CPU.Build.0 = Debug|Any CPU
		{2E2604A2-8D8E-4D27-8311-103D0E703F4B}.Release|Any CPU.ActiveCfg = Release|Any CPU
		{2E2604A2-8D8E-4D27-8311-103D0E703F4B}.Release|Any CPU.Build.0 = Release|Any CPU
	EndGlobalSection
	GlobalSection(SolutionProperties) = preSolution
		HideSolutionNode = FALSE
	EndGlobalSection
	GlobalSection(ExtensibilityGlobals) = postSolution
		SolutionGuid = {2FE6206D-4DCC-4484-B0D9-025ECB18ECB6}
	EndGlobalSection
EndGlobal
